// !$*UTF8*$!
{
	archiveVersion = 1;
	classes = {
	};
	objectVersion = 46;
	objects = {

/* Begin PBXBuildFile section */
		877265CF4EC434DC58AB6801 /* Pods_RxSwift101.framework in Frameworks */ = {isa = PBXBuildFile; fileRef = 52EC28C52C22E87BA0475AD1 /* Pods_RxSwift101.framework */; };
		9864B65B1D471F4B00B496E8 /* AppDelegate.swift in Sources */ = {isa = PBXBuildFile; fileRef = 9864B65A1D471F4B00B496E8 /* AppDelegate.swift */; };
		9864B65D1D471F4B00B496E8 /* ViewController.swift in Sources */ = {isa = PBXBuildFile; fileRef = 9864B65C1D471F4B00B496E8 /* ViewController.swift */; };
		9864B6601D471F4B00B496E8 /* Main.storyboard in Resources */ = {isa = PBXBuildFile; fileRef = 9864B65E1D471F4B00B496E8 /* Main.storyboard */; };
		9864B6621D471F4B00B496E8 /* Assets.xcassets in Resources */ = {isa = PBXBuildFile; fileRef = 9864B6611D471F4B00B496E8 /* Assets.xcassets */; };
		9864B6651D471F4B00B496E8 /* LaunchScreen.storyboard in Resources */ = {isa = PBXBuildFile; fileRef = 9864B6631D471F4B00B496E8 /* LaunchScreen.storyboard */; };
		9864B6701D471F4B00B496E8 /* RxSwift101Tests.swift in Sources */ = {isa = PBXBuildFile; fileRef = 9864B66F1D471F4B00B496E8 /* RxSwift101Tests.swift */; };
		9864B67B1D471F4B00B496E8 /* RxSwift101UITests.swift in Sources */ = {isa = PBXBuildFile; fileRef = 9864B67A1D471F4B00B496E8 /* RxSwift101UITests.swift */; };
		9864B68D1D47258B00B496E8 /* MainMenuViewController.swift in Sources */ = {isa = PBXBuildFile; fileRef = 9864B68C1D47258B00B496E8 /* MainMenuViewController.swift */; };
/* End PBXBuildFile section */

/* Begin PBXContainerItemProxy section */
		9864B66C1D471F4B00B496E8 /* PBXContainerItemProxy */ = {
			isa = PBXContainerItemProxy;
			containerPortal = 9864B64F1D471F4A00B496E8 /* Project object */;
			proxyType = 1;
			remoteGlobalIDString = 9864B6561D471F4A00B496E8;
			remoteInfo = RxSwift101;
		};
		9864B6771D471F4B00B496E8 /* PBXContainerItemProxy */ = {
			isa = PBXContainerItemProxy;
			containerPortal = 9864B64F1D471F4A00B496E8 /* Project object */;
			proxyType = 1;
			remoteGlobalIDString = 9864B6561D471F4A00B496E8;
			remoteInfo = RxSwift101;
		};
/* End PBXContainerItemProxy section */

/* Begin PBXFileReference section */
		52EC28C52C22E87BA0475AD1 /* Pods_RxSwift101.framework */ = {isa = PBXFileReference; explicitFileType = wrapper.framework; includeInIndex = 0; path = Pods_RxSwift101.framework; sourceTree = BUILT_PRODUCTS_DIR; };
		9864B6571D471F4A00B496E8 /* RxSwift101.app */ = {isa = PBXFileReference; explicitFileType = wrapper.application; includeInIndex = 0; path = RxSwift101.app; sourceTree = BUILT_PRODUCTS_DIR; };
		9864B65A1D471F4B00B496E8 /* AppDelegate.swift */ = {isa = PBXFileReference; lastKnownFileType = sourcecode.swift; path = AppDelegate.swift; sourceTree = "<group>"; };
		9864B65C1D471F4B00B496E8 /* ViewController.swift */ = {isa = PBXFileReference; lastKnownFileType = sourcecode.swift; path = ViewController.swift; sourceTree = "<group>"; };
		9864B65F1D471F4B00B496E8 /* Base */ = {isa = PBXFileReference; lastKnownFileType = file.storyboard; name = Base; path = Base.lproj/Main.storyboard; sourceTree = "<group>"; };
		9864B6611D471F4B00B496E8 /* Assets.xcassets */ = {isa = PBXFileReference; lastKnownFileType = folder.assetcatalog; path = Assets.xcassets; sourceTree = "<group>"; };
		9864B6641D471F4B00B496E8 /* Base */ = {isa = PBXFileReference; lastKnownFileType = file.storyboard; name = Base; path = Base.lproj/LaunchScreen.storyboard; sourceTree = "<group>"; };
		9864B6661D471F4B00B496E8 /* Info.plist */ = {isa = PBXFileReference; lastKnownFileType = text.plist.xml; path = Info.plist; sourceTree = "<group>"; };
		9864B66B1D471F4B00B496E8 /* RxSwift101Tests.xctest */ = {isa = PBXFileReference; explicitFileType = wrapper.cfbundle; includeInIndex = 0; path = RxSwift101Tests.xctest; sourceTree = BUILT_PRODUCTS_DIR; };
		9864B66F1D471F4B00B496E8 /* RxSwift101Tests.swift */ = {isa = PBXFileReference; lastKnownFileType = sourcecode.swift; path = RxSwift101Tests.swift; sourceTree = "<group>"; };
		9864B6711D471F4B00B496E8 /* Info.plist */ = {isa = PBXFileReference; lastKnownFileType = text.plist.xml; path = Info.plist; sourceTree = "<group>"; };
		9864B6761D471F4B00B496E8 /* RxSwift101UITests.xctest */ = {isa = PBXFileReference; explicitFileType = wrapper.cfbundle; includeInIndex = 0; path = RxSwift101UITests.xctest; sourceTree = BUILT_PRODUCTS_DIR; };
		9864B67A1D471F4B00B496E8 /* RxSwift101UITests.swift */ = {isa = PBXFileReference; lastKnownFileType = sourcecode.swift; path = RxSwift101UITests.swift; sourceTree = "<group>"; };
		9864B67C1D471F4B00B496E8 /* Info.plist */ = {isa = PBXFileReference; lastKnownFileType = text.plist.xml; path = Info.plist; sourceTree = "<group>"; };
		9864B68C1D47258B00B496E8 /* MainMenuViewController.swift */ = {isa = PBXFileReference; fileEncoding = 4; lastKnownFileType = sourcecode.swift; path = MainMenuViewController.swift; sourceTree = "<group>"; };
		99AE1DBD7EB094924411A096 /* Pods-RxSwift101.debug.xcconfig */ = {isa = PBXFileReference; includeInIndex = 1; lastKnownFileType = text.xcconfig; name = "Pods-RxSwift101.debug.xcconfig"; path = "Pods/Target Support Files/Pods-RxSwift101/Pods-RxSwift101.debug.xcconfig"; sourceTree = "<group>"; };
		A535A4A2B3B2C7B994A3F637 /* Pods-RxSwift101.release.xcconfig */ = {isa = PBXFileReference; includeInIndex = 1; lastKnownFileType = text.xcconfig; name = "Pods-RxSwift101.release.xcconfig"; path = "Pods/Target Support Files/Pods-RxSwift101/Pods-RxSwift101.release.xcconfig"; sourceTree = "<group>"; };
/* End PBXFileReference section */

/* Begin PBXFrameworksBuildPhase section */
		9864B6541D471F4A00B496E8 /* Frameworks */ = {
			isa = PBXFrameworksBuildPhase;
			buildActionMask = 2147483647;
			files = (
				877265CF4EC434DC58AB6801 /* Pods_RxSwift101.framework in Frameworks */,
			);
			runOnlyForDeploymentPostprocessing = 0;
		};
		9864B6681D471F4B00B496E8 /* Frameworks */ = {
			isa = PBXFrameworksBuildPhase;
			buildActionMask = 2147483647;
			files = (
			);
			runOnlyForDeploymentPostprocessing = 0;
		};
		9864B6731D471F4B00B496E8 /* Frameworks */ = {
			isa = PBXFrameworksBuildPhase;
			buildActionMask = 2147483647;
			files = (
			);
			runOnlyForDeploymentPostprocessing = 0;
		};
/* End PBXFrameworksBuildPhase section */

/* Begin PBXGroup section */
		9864B64E1D471F4A00B496E8 = {
			isa = PBXGroup;
			children = (
				9864B6591D471F4B00B496E8 /* RxSwift101 */,
				9864B66E1D471F4B00B496E8 /* RxSwift101Tests */,
				9864B6791D471F4B00B496E8 /* RxSwift101UITests */,
				9864B6581D471F4A00B496E8 /* Products */,
				B9CF56AE4A9AA2737E82F5A3 /* Pods */,
				FD95C4860E0911FF730A1566 /* Frameworks */,
			);
			sourceTree = "<group>";
		};
		9864B6581D471F4A00B496E8 /* Products */ = {
			isa = PBXGroup;
			children = (
				9864B6571D471F4A00B496E8 /* RxSwift101.app */,
				9864B66B1D471F4B00B496E8 /* RxSwift101Tests.xctest */,
				9864B6761D471F4B00B496E8 /* RxSwift101UITests.xctest */,
			);
			name = Products;
			sourceTree = "<group>";
		};
		9864B6591D471F4B00B496E8 /* RxSwift101 */ = {
			isa = PBXGroup;
			children = (
				9864B6881D47215100B496E8 /* AppDelegate */,
				9864B6891D47215900B496E8 /* ViewController */,
				9864B68A1D47216300B496E8 /* Storyboard */,
				9864B68B1D47216A00B496E8 /* Assets */,
			);
			path = RxSwift101;
			sourceTree = "<group>";
		};
		9864B66E1D471F4B00B496E8 /* RxSwift101Tests */ = {
			isa = PBXGroup;
			children = (
				9864B66F1D471F4B00B496E8 /* RxSwift101Tests.swift */,
				9864B6711D471F4B00B496E8 /* Info.plist */,
			);
			path = RxSwift101Tests;
			sourceTree = "<group>";
		};
		9864B6791D471F4B00B496E8 /* RxSwift101UITests */ = {
			isa = PBXGroup;
			children = (
				9864B67A1D471F4B00B496E8 /* RxSwift101UITests.swift */,
				9864B67C1D471F4B00B496E8 /* Info.plist */,
			);
			path = RxSwift101UITests;
			sourceTree = "<group>";
		};
		9864B6881D47215100B496E8 /* AppDelegate */ = {
			isa = PBXGroup;
			children = (
				9864B65A1D471F4B00B496E8 /* AppDelegate.swift */,
			);
			name = AppDelegate;
			sourceTree = "<group>";
		};
		9864B6891D47215900B496E8 /* ViewController */ = {
			isa = PBXGroup;
			children = (
				9864B65C1D471F4B00B496E8 /* ViewController.swift */,
				9864B68C1D47258B00B496E8 /* MainMenuViewController.swift */,
			);
			name = ViewController;
			sourceTree = "<group>";
		};
		9864B68A1D47216300B496E8 /* Storyboard */ = {
			isa = PBXGroup;
			children = (
				9864B65E1D471F4B00B496E8 /* Main.storyboard */,
				9864B6631D471F4B00B496E8 /* LaunchScreen.storyboard */,
			);
			name = Storyboard;
			sourceTree = "<group>";
		};
		9864B68B1D47216A00B496E8 /* Assets */ = {
			isa = PBXGroup;
			children = (
				9864B6611D471F4B00B496E8 /* Assets.xcassets */,
				9864B6661D471F4B00B496E8 /* Info.plist */,
			);
			name = Assets;
			sourceTree = "<group>";
		};
		B9CF56AE4A9AA2737E82F5A3 /* Pods */ = {
			isa = PBXGroup;
			children = (
				99AE1DBD7EB094924411A096 /* Pods-RxSwift101.debug.xcconfig */,
				A535A4A2B3B2C7B994A3F637 /* Pods-RxSwift101.release.xcconfig */,
			);
			name = Pods;
			sourceTree = "<group>";
		};
		FD95C4860E0911FF730A1566 /* Frameworks */ = {
			isa = PBXGroup;
			children = (
				52EC28C52C22E87BA0475AD1 /* Pods_RxSwift101.framework */,
			);
			name = Frameworks;
			sourceTree = "<group>";
		};
/* End PBXGroup section */

/* Begin PBXNativeTarget section */
		9864B6561D471F4A00B496E8 /* RxSwift101 */ = {
			isa = PBXNativeTarget;
			buildConfigurationList = 9864B67F1D471F4B00B496E8 /* Build configuration list for PBXNativeTarget "RxSwift101" */;
			buildPhases = (
				A7E589A1D81887DFBA25BC05 /* Check Pods Manifest.lock */,
				9864B6531D471F4A00B496E8 /* Sources */,
				9864B6541D471F4A00B496E8 /* Frameworks */,
				9864B6551D471F4A00B496E8 /* Resources */,
				1B0108CFF4898922B1260159 /* Embed Pods Frameworks */,
				2CD5FC35D3FFD43F8C48C34D /* Copy Pods Resources */,
			);
			buildRules = (
			);
			dependencies = (
			);
			name = RxSwift101;
			productName = RxSwift101;
			productReference = 9864B6571D471F4A00B496E8 /* RxSwift101.app */;
			productType = "com.apple.product-type.application";
		};
		9864B66A1D471F4B00B496E8 /* RxSwift101Tests */ = {
			isa = PBXNativeTarget;
			buildConfigurationList = 9864B6821D471F4B00B496E8 /* Build configuration list for PBXNativeTarget "RxSwift101Tests" */;
			buildPhases = (
				9864B6671D471F4B00B496E8 /* Sources */,
				9864B6681D471F4B00B496E8 /* Frameworks */,
				9864B6691D471F4B00B496E8 /* Resources */,
			);
			buildRules = (
			);
			dependencies = (
				9864B66D1D471F4B00B496E8 /* PBXTargetDependency */,
			);
			name = RxSwift101Tests;
			productName = RxSwift101Tests;
			productReference = 9864B66B1D471F4B00B496E8 /* RxSwift101Tests.xctest */;
			productType = "com.apple.product-type.bundle.unit-test";
		};
		9864B6751D471F4B00B496E8 /* RxSwift101UITests */ = {
			isa = PBXNativeTarget;
			buildConfigurationList = 9864B6851D471F4B00B496E8 /* Build configuration list for PBXNativeTarget "RxSwift101UITests" */;
			buildPhases = (
				9864B6721D471F4B00B496E8 /* Sources */,
				9864B6731D471F4B00B496E8 /* Frameworks */,
				9864B6741D471F4B00B496E8 /* Resources */,
			);
			buildRules = (
			);
			dependencies = (
				9864B6781D471F4B00B496E8 /* PBXTargetDependency */,
			);
			name = RxSwift101UITests;
			productName = RxSwift101UITests;
			productReference = 9864B6761D471F4B00B496E8 /* RxSwift101UITests.xctest */;
			productType = "com.apple.product-type.bundle.ui-testing";
		};
/* End PBXNativeTarget section */

/* Begin PBXProject section */
		9864B64F1D471F4A00B496E8 /* Project object */ = {
			isa = PBXProject;
			attributes = {
				LastSwiftUpdateCheck = 0730;
				LastUpgradeCheck = 0730;
				ORGANIZATIONNAME = iGROOMGRiM;
				TargetAttributes = {
					9864B6561D471F4A00B496E8 = {
						CreatedOnToolsVersion = 7.3.1;
					};
					9864B66A1D471F4B00B496E8 = {
						CreatedOnToolsVersion = 7.3.1;
						TestTargetID = 9864B6561D471F4A00B496E8;
					};
					9864B6751D471F4B00B496E8 = {
						CreatedOnToolsVersion = 7.3.1;
						TestTargetID = 9864B6561D471F4A00B496E8;
					};
				};
			};
			buildConfigurationList = 9864B6521D471F4A00B496E8 /* Build configuration list for PBXProject "RxSwift101" */;
			compatibilityVersion = "Xcode 3.2";
			developmentRegion = English;
			hasScannedForEncodings = 0;
			knownRegions = (
				en,
				Base,
			);
			mainGroup = 9864B64E1D471F4A00B496E8;
			productRefGroup = 9864B6581D471F4A00B496E8 /* Products */;
			projectDirPath = "";
			projectRoot = "";
			targets = (
				9864B6561D471F4A00B496E8 /* RxSwift101 */,
				9864B66A1D471F4B00B496E8 /* RxSwift101Tests */,
				9864B6751D471F4B00B496E8 /* RxSwift101UITests */,
			);
		};
/* End PBXProject section */

/* Begin PBXResourcesBuildPhase section */
		9864B6551D471F4A00B496E8 /* Resources */ = {
			isa = PBXResourcesBuildPhase;
			buildActionMask = 2147483647;
			files = (
				9864B6651D471F4B00B496E8 /* LaunchScreen.storyboard in Resources */,
				9864B6621D471F4B00B496E8 /* Assets.xcassets in Resources */,
				9864B6601D471F4B00B496E8 /* Main.storyboard in Resources */,
			);
			runOnlyForDeploymentPostprocessing = 0;
		};
		9864B6691D471F4B00B496E8 /* Resources */ = {
			isa = PBXResourcesBuildPhase;
			buildActionMask = 2147483647;
			files = (
			);
			runOnlyForDeploymentPostprocessing = 0;
		};
		9864B6741D471F4B00B496E8 /* Resources */ = {
			isa = PBXResourcesBuildPhase;
			buildActionMask = 2147483647;
			files = (
			);
			runOnlyForDeploymentPostprocessing = 0;
		};
/* End PBXResourcesBuildPhase section */

/* Begin PBXShellScriptBuildPhase section */
		1B0108CFF4898922B1260159 /* Embed Pods Frameworks */ = {
			isa = PBXShellScriptBuildPhase;
			buildActionMask = 2147483647;
			files = (
			);
			inputPaths = (
			);
			name = "Embed Pods Frameworks";
			outputPaths = (
			);
			runOnlyForDeploymentPostprocessing = 0;
			shellPath = /bin/sh;
			shellScript = "\"${SRCROOT}/Pods/Target Support Files/Pods-RxSwift101/Pods-RxSwift101-frameworks.sh\"\n";
			showEnvVarsInLog = 0;
		};
		2CD5FC35D3FFD43F8C48C34D /* Copy Pods Resources */ = {
			isa = PBXShellScriptBuildPhase;
			buildActionMask = 2147483647;
			files = (
			);
			inputPaths = (
			);
			name = "Copy Pods Resources";
			outputPaths = (
			);
			runOnlyForDeploymentPostprocessing = 0;
			shellPath = /bin/sh;
			shellScript = "\"${SRCROOT}/Pods/Target Support Files/Pods-RxSwift101/Pods-RxSwift101-resources.sh\"\n";
			showEnvVarsInLog = 0;
		};
		A7E589A1D81887DFBA25BC05 /* Check Pods Manifest.lock */ = {
			isa = PBXShellScriptBuildPhase;
			buildActionMask = 2147483647;
			files = (
			);
			inputPaths = (
			);
			name = "Check Pods Manifest.lock";
			outputPaths = (
			);
			runOnlyForDeploymentPostprocessing = 0;
			shellPath = /bin/sh;
			shellScript = "diff \"${PODS_ROOT}/../Podfile.lock\" \"${PODS_ROOT}/Manifest.lock\" > /dev/null\nif [[ $? != 0 ]] ; then\n    cat << EOM\nerror: The sandbox is not in sync with the Podfile.lock. Run 'pod install' or update your CocoaPods installation.\nEOM\n    exit 1\nfi\n";
			showEnvVarsInLog = 0;
		};
/* End PBXShellScriptBuildPhase section */

/* Begin PBXSourcesBuildPhase section */
		9864B6531D471F4A00B496E8 /* Sources */ = {
			isa = PBXSourcesBuildPhase;
			buildActionMask = 2147483647;
			files = (
				9864B68D1D47258B00B496E8 /* MainMenuViewController.swift in Sources */,
				9864B65D1D471F4B00B496E8 /* ViewController.swift in Sources */,
				9864B65B1D471F4B00B496E8 /* AppDelegate.swift in Sources */,
			);
			runOnlyForDeploymentPostprocessing = 0;
		};
		9864B6671D471F4B00B496E8 /* Sources */ = {
			isa = PBXSourcesBuildPhase;
			buildActionMask = 2147483647;
			files = (
				9864B6701D471F4B00B496E8 /* RxSwift101Tests.swift in Sources */,
			);
			runOnlyForDeploymentPostprocessing = 0;
		};
		9864B6721D471F4B00B496E8 /* Sources */ = {
			isa = PBXSourcesBuildPhase;
			buildActionMask = 2147483647;
			files = (
				9864B67B1D471F4B00B496E8 /* RxSwift101UITests.swift in Sources */,
			);
			runOnlyForDeploymentPostprocessing = 0;
		};
/* End PBXSourcesBuildPhase section */

/* Begin PBXTargetDependency section */
		9864B66D1D471F4B00B496E8 /* PBXTargetDependency */ = {
			isa = PBXTargetDependency;
			target = 9864B6561D471F4A00B496E8 /* RxSwift101 */;
			targetProxy = 9864B66C1D471F4B00B496E8 /* PBXContainerItemProxy */;
		};
		9864B6781D471F4B00B496E8 /* PBXTargetDependency */ = {
			isa = PBXTargetDependency;
			target = 9864B6561D471F4A00B496E8 /* RxSwift101 */;
			targetProxy = 9864B6771D471F4B00B496E8 /* PBXContainerItemProxy */;
		};
/* End PBXTargetDependency section */

/* Begin PBXVariantGroup section */
		9864B65E1D471F4B00B496E8 /* Main.storyboard */ = {
			isa = PBXVariantGroup;
			children = (
				9864B65F1D471F4B00B496E8 /* Base */,
			);
			name = Main.storyboard;
			sourceTree = "<group>";
		};
		9864B6631D471F4B00B496E8 /* LaunchScreen.storyboard */ = {
			isa = PBXVariantGroup;
			children = (
				9864B6641D471F4B00B496E8 /* Base */,
			);
			name = LaunchScreen.storyboard;
			sourceTree = "<group>";
		};
/* End PBXVariantGroup section */

/* Begin XCBuildConfiguration section */
		9864B67D1D471F4B00B496E8 /* Debug */ = {
			isa = XCBuildConfiguration;
			buildSettings = {
				ALWAYS_SEARCH_USER_PATHS = NO;
				CLANG_ANALYZER_NONNULL = YES;
				CLANG_CXX_LANGUAGE_STANDARD = "gnu++0x";
				CLANG_CXX_LIBRARY = "libc++";
				CLANG_ENABLE_MODULES = YES;
				CLANG_ENABLE_OBJC_ARC = YES;
				CLANG_WARN_BOOL_CONVERSION = YES;
				CLANG_WARN_CONSTANT_CONVERSION = YES;
				CLANG_WARN_DIRECT_OBJC_ISA_USAGE = YES_ERROR;
				CLANG_WARN_EMPTY_BODY = YES;
				CLANG_WARN_ENUM_CONVERSION = YES;
				CLANG_WARN_INT_CONVERSION = YES;
				CLANG_WARN_OBJC_ROOT_CLASS = YES_ERROR;
				CLANG_WARN_UNREACHABLE_CODE = YES;
				CLANG_WARN__DUPLICATE_METHOD_MATCH = YES;
				"CODE_SIGN_IDENTITY[sdk=iphoneos*]" = "iPhone Developer";
				COPY_PHASE_STRIP = NO;
				DEBUG_INFORMATION_FORMAT = dwarf;
				ENABLE_STRICT_OBJC_MSGSEND = YES;
				ENABLE_TESTABILITY = YES;
				GCC_C_LANGUAGE_STANDARD = gnu99;
				GCC_DYNAMIC_NO_PIC = NO;
				GCC_NO_COMMON_BLOCKS = YES;
				GCC_OPTIMIZATION_LEVEL = 0;
				GCC_PREPROCESSOR_DEFINITIONS = (
					"DEBUG=1",
					"$(inherited)",
				);
				GCC_WARN_64_TO_32_BIT_CONVERSION = YES;
				GCC_WARN_ABOUT_RETURN_TYPE = YES_ERROR;
				GCC_WARN_UNDECLARED_SELECTOR = YES;
				GCC_WARN_UNINITIALIZED_AUTOS = YES_AGGRESSIVE;
				GCC_WARN_UNUSED_FUNCTION = YES;
				GCC_WARN_UNUSED_VARIABLE = YES;
				IPHONEOS_DEPLOYMENT_TARGET = 9.3;
				MTL_ENABLE_DEBUG_INFO = YES;
				ONLY_ACTIVE_ARCH = YES;
				SDKROOT = iphoneos;
				SWIFT_OPTIMIZATION_LEVEL = "-Onone";
			};
			name = Debug;
		};
		9864B67E1D471F4B00B496E8 /* Release */ = {
			isa = XCBuildConfiguration;
			buildSettings = {
				ALWAYS_SEARCH_USER_PATHS = NO;
				CLANG_ANALYZER_NONNULL = YES;
				CLANG_CXX_LANGUAGE_STANDARD = "gnu++0x";
				CLANG_CXX_LIBRARY = "libc++";
				CLANG_ENABLE_MODULES = YES;
				CLANG_ENABLE_OBJC_ARC = YES;
				CLANG_WARN_BOOL_CONVERSION = YES;
				CLANG_WARN_CONSTANT_CONVERSION = YES;
				CLANG_WARN_DIRECT_OBJC_ISA_USAGE = YES_ERROR;
				CLANG_WARN_EMPTY_BODY = YES;
				CLANG_WARN_ENUM_CONVERSION = YES;
				CLANG_WARN_INT_CONVERSION = YES;
				CLANG_WARN_OBJC_ROOT_CLASS = YES_ERROR;
				CLANG_WARN_UNREACHABLE_CODE = YES;
				CLANG_WARN__DUPLICATE_METHOD_MATCH = YES;
				"CODE_SIGN_IDENTITY[sdk=iphoneos*]" = "iPhone Developer";
				COPY_PHASE_STRIP = NO;
				DEBUG_INFORMATION_FORMAT = "dwarf-with-dsym";
				ENABLE_NS_ASSERTIONS = NO;
				ENABLE_STRICT_OBJC_MSGSEND = YES;
				GCC_C_LANGUAGE_STANDARD = gnu99;
				GCC_NO_COMMON_BLOCKS = YES;
				GCC_WARN_64_TO_32_BIT_CONVERSION = YES;
				GCC_WARN_ABOUT_RETURN_TYPE = YES_ERROR;
				GCC_WARN_UNDECLARED_SELECTOR = YES;
				GCC_WARN_UNINITIALIZED_AUTOS = YES_AGGRESSIVE;
				GCC_WARN_UNUSED_FUNCTION = YES;
				GCC_WARN_UNUSED_VARIABLE = YES;
				IPHONEOS_DEPLOYMENT_TARGET = 9.3;
				MTL_ENABLE_DEBUG_INFO = NO;
				SDKROOT = iphoneos;
				VALIDATE_PRODUCT = YES;
			};
			name = Release;
		};
		9864B6801D471F4B00B496E8 /* Debug */ = {
			isa = XCBuildConfiguration;
			baseConfigurationReference = 99AE1DBD7EB094924411A096 /* Pods-RxSwift101.debug.xcconfig */;
			buildSettings = {
				ASSETCATALOG_COMPILER_APPICON_NAME = AppIcon;
				INFOPLIST_FILE = RxSwift101/Info.plist;
				LD_RUNPATH_SEARCH_PATHS = "$(inherited) @executable_path/Frameworks";
				PRODUCT_BUNDLE_IDENTIFIER = com.igroomgrim.RxSwift101;
				PRODUCT_NAME = "$(TARGET_NAME)";
			};
			name = Debug;
		};
		9864B6811D471F4B00B496E8 /* Release */ = {
			isa = XCBuildConfiguration;
			baseConfigurationReference = A535A4A2B3B2C7B994A3F637 /* Pods-RxSwift101.release.xcconfig */;
			buildSettings = {
				ASSETCATALOG_COMPILER_APPICON_NAME = AppIcon;
				INFOPLIST_FILE = RxSwift101/Info.plist;
				LD_RUNPATH_SEARCH_PATHS = "$(inherited) @executable_path/Frameworks";
				PRODUCT_BUNDLE_IDENTIFIER = com.igroomgrim.RxSwift101;
				PRODUCT_NAME = "$(TARGET_NAME)";
			};
			name = Release;
		};
		9864B6831D471F4B00B496E8 /* Debug */ = {
			isa = XCBuildConfiguration;
			buildSettings = {
				BUNDLE_LOADER = "$(TEST_HOST)";
				INFOPLIST_FILE = RxSwift101Tests/Info.plist;
				LD_RUNPATH_SEARCH_PATHS = "$(inherited) @executable_path/Frameworks @loader_path/Frameworks";
				PRODUCT_BUNDLE_IDENTIFIER = com.igroomgrim.RxSwift101Tests;
				PRODUCT_NAME = "$(TARGET_NAME)";
				TEST_HOST = "$(BUILT_PRODUCTS_DIR)/RxSwift101.app/RxSwift101";
			};
			name = Debug;
		};
		9864B6841D471F4B00B496E8 /* Release */ = {
			isa = XCBuildConfiguration;
			buildSettings = {
				BUNDLE_LOADER = "$(TEST_HOST)";
				INFOPLIST_FILE = RxSwift101Tests/Info.plist;
				LD_RUNPATH_SEARCH_PATHS = "$(inherited) @executable_path/Frameworks @loader_path/Frameworks";
				PRODUCT_BUNDLE_IDENTIFIER = com.igroomgrim.RxSwift101Tests;
				PRODUCT_NAME = "$(TARGET_NAME)";
				TEST_HOST = "$(BUILT_PRODUCTS_DIR)/RxSwift101.app/RxSwift101";
			};
			name = Release;
		};
		9864B6861D471F4B00B496E8 /* Debug */ = {
			isa = XCBuildConfiguration;
			buildSettings = {
				INFOPLIST_FILE = RxSwift101UITests/Info.plist;
				LD_RUNPATH_SEARCH_PATHS = "$(inherited) @executable_path/Frameworks @loader_path/Frameworks";
				PRODUCT_BUNDLE_IDENTIFIER = com.igroomgrim.RxSwift101UITests;
				PRODUCT_NAME = "$(TARGET_NAME)";
				TEST_TARGET_NAME = RxSwift101;
			};
			name = Debug;
		};
		9864B6871D471F4B00B496E8 /* Release */ = {
			isa = XCBuildConfiguration;
			buildSettings = {
				INFOPLIST_FILE = RxSwift101UITests/Info.plist;
				LD_RUNPATH_SEARCH_PATHS = "$(inherited) @executable_path/Frameworks @loader_path/Frameworks";
				PRODUCT_BUNDLE_IDENTIFIER = com.igroomgrim.RxSwift101UITests;
				PRODUCT_NAME = "$(TARGET_NAME)";
				TEST_TARGET_NAME = RxSwift101;
			};
			name = Release;
		};
/* End XCBuildConfiguration section */

/* Begin XCConfigurationList section */
		9864B6521D471F4A00B496E8 /* Build configuration list for PBXProject "RxSwift101" */ = {
			isa = XCConfigurationList;
			buildConfigurations = (
				9864B67D1D471F4B00B496E8 /* Debug */,
				9864B67E1D471F4B00B496E8 /* Release */,
			);
			defaultConfigurationIsVisible = 0;
			defaultConfigurationName = Release;
		};
		9864B67F1D471F4B00B496E8 /* Build configuration list for PBXNativeTarget "RxSwift101" */ = {
			isa = XCConfigurationList;
			buildConfigurations = (
				9864B6801D471F4B00B496E8 /* Debug */,
				9864B6811D471F4B00B496E8 /* Release */,
			);
			defaultConfigurationIsVisible = 0;
			defaultConfigurationName = Release;
		};
		9864B6821D471F4B00B496E8 /* Build configuration list for PBXNativeTarget "RxSwift101Tests" */ = {
			isa = XCConfigurationList;
			buildConfigurations = (
				9864B6831D471F4B00B496E8 /* Debug */,
				9864B6841D471F4B00B496E8 /* Release */,
			);
			defaultConfigurationIsVisible = 0;
			defaultConfigurationName = Release;
		};
		9864B6851D471F4B00B496E8 /* Build configuration list for PBXNativeTarget "RxSwift101UITests" */ = {
			isa = XCConfigurationList;
			buildConfigurations = (
				9864B6861D471F4B00B496E8 /* Debug */,
				9864B6871D471F4B00B496E8 /* Release */,
			);
			defaultConfigurationIsVisible = 0;
			defaultConfigurationName = Release;
		};
/* End XCConfigurationList section */
	};
	rootObject = 9864B64F1D471F4A00B496E8 /* Project object */;
}
